
Microsoft Visual Studio Solution File, Format Version 12.00
# Visual Studio Version 16
VisualStudioVersion = 16.0.30621.155
MinimumVisualStudioVersion = 10.0.40219.1
Project("{FAE04EC0-301F-11D3-BF4B-00C04F79EFBC}") = "DoAn2", "DoAn2\DoAn2.csproj", "{42ADED46-9836-499B-9D66-32872C537C46}"
EndProject
Project("{FAE04EC0-301F-11D3-BF4B-00C04F79EFBC}") = "Model", "Model\Model.csproj", "{7754C469-CBAA-4FE3-9FAA-3476F199D822}"
EndProject
Project("{FAE04EC0-301F-11D3-BF4B-00C04F79EFBC}") = "Common", "Common\Common.csproj", "{4796A1A8-5C0B-49E8-B91F-3C5ED44BBDBB}"
EndProject
Global
	GlobalSection(SolutionConfigurationPlatforms) = preSolution
		Debug|Any CPU = Debug|Any CPU
		Release|Any CPU = Release|Any CPU
	EndGlobalSection
	GlobalSection(ProjectConfigurationPlatforms) = postSolution
		{42ADED46-9836-499B-9D66-32872C537C46}.Debug|Any CPU.ActiveCfg = Debug|Any CPU
		{42ADED46-9836-499B-9D66-32872C537C46}.Debug|Any CPU.Build.0 = Debug|Any CPU
		{42ADED46-9836-499B-9D66-32872C537C46}.Release|Any CPU.ActiveCfg = Release|Any CPU
		{42ADED46-9836-499B-9D66-32872C537C46}.Release|Any CPU.Build.0 = Release|Any CPU
		{7754C469-CBAA-4FE3-9FAA-3476F199D822}.Debug|Any CPU.ActiveCfg = Debug|Any CPU
		{7754C469-CBAA-4FE3-9FAA-3476F199D822}.Debug|Any CPU.Build.0 = Debug|Any CPU
		{7754C469-CBAA-4FE3-9FAA-3476F199D822}.Release|Any CPU.ActiveCfg = Release|Any CPU
		{7754C469-CBAA-4FE3-9FAA-3476F199D822}.Release|Any CPU.Build.0 = Release|Any CPU
		{4796A1A8-5C0B-49E8-B91F-3C5ED44BBDBB}.Debug|Any CPU.ActiveCfg = Debug|Any CPU
		{4796A1A8-5C0B-49E8-B91F-3C5ED44BBDBB}.Debug|Any CPU.Build.0 = Debug|Any CPU
		{4796A1A8-5C0B-49E8-B91F-3C5ED44BBDBB}.Release|Any CPU.ActiveCfg = Release|Any CPU
		{4796A1A8-5C0B-49E8-B91F-3C5ED44BBDBB}.Release|Any CPU.Build.0 = Release|Any CPU
	EndGlobalSection
	GlobalSection(SolutionProperties) = preSolution
		HideSolutionNode = FALSE
	EndGlobalSection
	GlobalSection(ExtensibilityGlobals) = postSolution
		SolutionGuid = {9446EFB2-D94A-48B8-ADEB-A6A36D00E7C8}
	EndGlobalSection
EndGlobal
